
Microsoft Visual Studio Solution File, Format Version 12.00
Project("{FAE04EC0-301F-11D3-BF4B-00C04F79EFBC}") = "BloodRush.API", "src\BloodRush.API\BloodRush.API.csproj", "{07316F78-3D52-49D0-8800-57FCA454D0CD}"
EndProject
Project("{FAE04EC0-301F-11D3-BF4B-00C04F79EFBC}") = "BloodRush.Notifier", "src\BloodRush.Notifier\BloodRush.Notifier.csproj", "{551DF189-7882-4DFF-B1B9-A991E72AA1D5}"
EndProject
Project("{FAE04EC0-301F-11D3-BF4B-00C04F79EFBC}") = "BloodRush.Contracts", "src\BloodRush.Contracts\BloodRush.Contracts.csproj", "{05B63D8D-8B84-4EE1-B0D2-58302EB58535}"
EndProject
Project("{2150E333-8FDC-42A3-9474-1A3956D46DE8}") = "src", "src", "{2BE3E0F7-D6FA-4A6D-A8AD-55E7829CCA65}"
EndProject
Project("{2150E333-8FDC-42A3-9474-1A3956D46DE8}") = "tests", "tests", "{1F0CF482-5366-471F-AE57-FDED7600D1AE}"
EndProject
Project("{FAE04EC0-301F-11D3-BF4B-00C04F79EFBC}") = "BloodRush.API.Tests", "tests\BloodRush.API.Tests\BloodRush.API.Tests.csproj", "{744FBC12-3CCF-4725-96B4-6154F49FE76C}"
EndProject
Project("{FAE04EC0-301F-11D3-BF4B-00C04F79EFBC}") = "BloodRush.Tasks", "src\BloodRush.Tasks\BloodRush.Tasks.csproj", "{6CBF3A23-C29E-421A-88CA-A23FC3907A2D}"
EndProject
Global
	GlobalSection(SolutionConfigurationPlatforms) = preSolution
		Debug|Any CPU = Debug|Any CPU
		Release|Any CPU = Release|Any CPU
	EndGlobalSection
	GlobalSection(ProjectConfigurationPlatforms) = postSolution
		{07316F78-3D52-49D0-8800-57FCA454D0CD}.Debug|Any CPU.ActiveCfg = Debug|Any CPU
		{07316F78-3D52-49D0-8800-57FCA454D0CD}.Debug|Any CPU.Build.0 = Debug|Any CPU
		{07316F78-3D52-49D0-8800-57FCA454D0CD}.Release|Any CPU.ActiveCfg = Release|Any CPU
		{07316F78-3D52-49D0-8800-57FCA454D0CD}.Release|Any CPU.Build.0 = Release|Any CPU
		{551DF189-7882-4DFF-B1B9-A991E72AA1D5}.Debug|Any CPU.ActiveCfg = Debug|Any CPU
		{551DF189-7882-4DFF-B1B9-A991E72AA1D5}.Debug|Any CPU.Build.0 = Debug|Any CPU
		{551DF189-7882-4DFF-B1B9-A991E72AA1D5}.Release|Any CPU.ActiveCfg = Release|Any CPU
		{551DF189-7882-4DFF-B1B9-A991E72AA1D5}.Release|Any CPU.Build.0 = Release|Any CPU
		{05B63D8D-8B84-4EE1-B0D2-58302EB58535}.Debug|Any CPU.ActiveCfg = Debug|Any CPU
		{05B63D8D-8B84-4EE1-B0D2-58302EB58535}.Debug|Any CPU.Build.0 = Debug|Any CPU
		{05B63D8D-8B84-4EE1-B0D2-58302EB58535}.Release|Any CPU.ActiveCfg = Release|Any CPU
		{05B63D8D-8B84-4EE1-B0D2-58302EB58535}.Release|Any CPU.Build.0 = Release|Any CPU
		{744FBC12-3CCF-4725-96B4-6154F49FE76C}.Debug|Any CPU.ActiveCfg = Debug|Any CPU
		{744FBC12-3CCF-4725-96B4-6154F49FE76C}.Debug|Any CPU.Build.0 = Debug|Any CPU
		{744FBC12-3CCF-4725-96B4-6154F49FE76C}.Release|Any CPU.ActiveCfg = Release|Any CPU
		{744FBC12-3CCF-4725-96B4-6154F49FE76C}.Release|Any CPU.Build.0 = Release|Any CPU
		{6CBF3A23-C29E-421A-88CA-A23FC3907A2D}.Debug|Any CPU.ActiveCfg = Debug|Any CPU
		{6CBF3A23-C29E-421A-88CA-A23FC3907A2D}.Debug|Any CPU.Build.0 = Debug|Any CPU
		{6CBF3A23-C29E-421A-88CA-A23FC3907A2D}.Release|Any CPU.ActiveCfg = Release|Any CPU
		{6CBF3A23-C29E-421A-88CA-A23FC3907A2D}.Release|Any CPU.Build.0 = Release|Any CPU
	EndGlobalSection
	GlobalSection(NestedProjects) = preSolution
		{07316F78-3D52-49D0-8800-57FCA454D0CD} = {2BE3E0F7-D6FA-4A6D-A8AD-55E7829CCA65}
		{05B63D8D-8B84-4EE1-B0D2-58302EB58535} = {2BE3E0F7-D6FA-4A6D-A8AD-55E7829CCA65}
		{551DF189-7882-4DFF-B1B9-A991E72AA1D5} = {2BE3E0F7-D6FA-4A6D-A8AD-55E7829CCA65}
		{744FBC12-3CCF-4725-96B4-6154F49FE76C} = {1F0CF482-5366-471F-AE57-FDED7600D1AE}
		{6CBF3A23-C29E-421A-88CA-A23FC3907A2D} = {2BE3E0F7-D6FA-4A6D-A8AD-55E7829CCA65}
	EndGlobalSection
EndGlobal
